{"version":4,"terraform_version":"1.10.6","serial":1,"lineage":"e399a557-0273-d7b6-5313-86e485741947","outputs":{},"resources":[{"mode":"data","type":"alibabacloudstack_ots_clusters","name":"existing","provider":"provider[\"registry.opentofu.org/aliyun/alibabacloudstack\"]","instances":[{"schema_version":0,"attributes":{"clusters":[{"alias_name":"","cluster_name":"CdsOtsHybridCluster-A-20251205-0093","cluster_type":"HYBRID","support_replica":false}],"id":"2308428716","name_regex":null,"names":["CdsOtsHybridCluster-A-20251205-0093"]},"sensitive_attributes":[]}]},{"mode":"managed","type":"alibabacloudstack_ots_instance","name":"existing","provider":"provider[\"registry.opentofu.org/aliyun/alibabacloudstack\"]","instances":[{"schema_version":0,"attributes":{"alias_name":"","cluster_name":"CdsOtsHybridCluster-A-20251205-0093","create_time":"2026-02-11T01:49:06Z","description":"tfots2-desc","id":"tfots2","name":"tfots2","network":"NORMAL","sp_instance_id":"","specification":"HYBRID","storage_type":"","table_quota":64,"tags":[],"user_id":"1298369393298063","vcu_quota":0},"sensitive_attributes":[],"private":"bnVsbA==","dependencies":["data.alibabacloudstack_ots_clusters.existing"]}]}],"check_results":null}
